// !$*UTF8*$!
{
	archiveVersion = 1;
	classes = {
	};
	objectVersion = 77;
	objects = {

/* Begin PBXContainerItemProxy section */
		099F23932E39F5C7007EA3D7 /* PBXContainerItemProxy */ = {
			isa = PBXContainerItemProxy;
			containerPortal = 099F237D2E39F5C5007EA3D7 /* Project object */;
			proxyType = 1;
			remoteGlobalIDString = 099F23842E39F5C5007EA3D7;
			remoteInfo = MelaoShop;
		};
		099F239D2E39F5C7007EA3D7 /* PBXContainerItemProxy */ = {
			isa = PBXContainerItemProxy;
			containerPortal = 099F237D2E39F5C5007EA3D7 /* Project object */;
			proxyType = 1;
			remoteGlobalIDString = 099F23842E39F5C5007EA3D7;
			remoteInfo = MelaoShop;
		};
/* End PBXContainerItemProxy section */

/* Begin PBXFileReference section */
		099F23852E39F5C5007EA3D7 /* MelaoShop.app */ = {isa = PBXFileReference; explicitFileType = wrapper.application; includeInIndex = 0; path = MelaoShop.app; sourceTree = BUILT_PRODUCTS_DIR; };
		099F23922E39F5C7007EA3D7 /* MelaoShopTests.xctest */ = {isa = PBXFileReference; explicitFileType = wrapper.cfbundle; includeInIndex = 0; path = MelaoShopTests.xctest; sourceTree = BUILT_PRODUCTS_DIR; };
		099F239C2E39F5C7007EA3D7 /* MelaoShopUITests.xctest */ = {isa = PBXFileReference; explicitFileType = wrapper.cfbundle; includeInIndex = 0; path = MelaoShopUITests.xctest; sourceTree = BUILT_PRODUCTS_DIR; };
/* End PBXFileReference section */

/* Begin PBXFileSystemSynchronizedRootGroup section */
		099F23872E39F5C5007EA3D7 /* MelaoShop */ = {
			isa = PBXFileSystemSynchronizedRootGroup;
			explicitFolders = (
				Services/Mocks,
			);
			path = MelaoShop;
			sourceTree = "<group>";
		};
		099F23952E39F5C7007EA3D7 /* MelaoShopTests */ = {
			isa = PBXFileSystemSynchronizedRootGroup;
			path = MelaoShopTests;
			sourceTree = "<group>";
		};
		099F239F2E39F5C7007EA3D7 /* MelaoShopUITests */ = {
			isa = PBXFileSystemSynchronizedRootGroup;
			path = MelaoShopUITests;
			sourceTree = "<group>";
		};
/* End PBXFileSystemSynchronizedRootGroup section */

/* Begin PBXFrameworksBuildPhase section */
		099F23822E39F5C5007EA3D7 /* Frameworks */ = {
			isa = PBXFrameworksBuildPhase;
			buildActionMask = 2147483647;
			files = (
			);
			runOnlyForDeploymentPostprocessing = 0;
		};
		099F238F2E39F5C7007EA3D7 /* Frameworks */ = {
			isa = PBXFrameworksBuildPhase;
			buildActionMask = 2147483647;
			files = (
			);
			runOnlyForDeploymentPostprocessing = 0;
		};
		099F23992E39F5C7007EA3D7 /* Frameworks */ = {
			isa = PBXFrameworksBuildPhase;
			buildActionMask = 2147483647;
			files = (
			);
			runOnlyForDeploymentPostprocessing = 0;
		};
/* End PBXFrameworksBuildPhase section */

/* Begin PBXGroup section */
		099F237C2E39F5C5007EA3D7 = {
			isa = PBXGroup;
			children = (
				099F23872E39F5C5007EA3D7 /* MelaoShop */,
				099F23952E39F5C7007EA3D7 /* MelaoShopTests */,
				099F239F2E39F5C7007EA3D7 /* MelaoShopUITests */,
				099F23862E39F5C5007EA3D7 /* Products */,
			);
			sourceTree = "<group>";
		};
		099F23862E39F5C5007EA3D7 /* Products */ = {
			isa = PBXGroup;
			children = (
				099F23852E39F5C5007EA3D7 /* MelaoShop.app */,
				099F23922E39F5C7007EA3D7 /* MelaoShopTests.xctest */,
				099F239C2E39F5C7007EA3D7 /* MelaoShopUITests.xctest */,
			);
			name = Products;
			sourceTree = "<group>";
		};
/* End PBXGroup section */

/* Begin PBXNativeTarget section */
		099F23842E39F5C5007EA3D7 /* MelaoShop */ = {
			isa = PBXNativeTarget;
			buildConfigurationList = 099F23A62E39F5C7007EA3D7 /* Build configuration list for PBXNativeTarget "MelaoShop" */;
			buildPhases = (
				099F23812E39F5C5007EA3D7 /* Sources */,
				099F23822E39F5C5007EA3D7 /* Frameworks */,
				099F23832E39F5C5007EA3D7 /* Resources */,
			);
			buildRules = (
			);
			dependencies = (
			);
			fileSystemSynchronizedGroups = (
				099F23872E39F5C5007EA3D7 /* MelaoShop */,
			);
			name = MelaoShop;
			packageProductDependencies = (
			);
			productName = MelaoShop;
			productReference = 099F23852E39F5C5007EA3D7 /* MelaoShop.app */;
			productType = "com.apple.product-type.application";
		};
		099F23912E39F5C7007EA3D7 /* MelaoShopTests */ = {
			isa = PBXNativeTarget;
			buildConfigurationList = 099F23A92E39F5C7007EA3D7 /* Build configuration list for PBXNativeTarget "MelaoShopTests" */;
			buildPhases = (
				099F238E2E39F5C7007EA3D7 /* Sources */,
				099F238F2E39F5C7007EA3D7 /* Frameworks */,
				099F23902E39F5C7007EA3D7 /* Resources */,
			);
			buildRules = (
			);
			dependencies = (
				099F23942E39F5C7007EA3D7 /* PBXTargetDependency */,
			);
			fileSystemSynchronizedGroups = (
				099F23952E39F5C7007EA3D7 /* MelaoShopTests */,
			);
			name = MelaoShopTests;
			packageProductDependencies = (
			);
			productName = MelaoShopTests;
			productReference = 099F23922E39F5C7007EA3D7 /* MelaoShopTests.xctest */;
			productType = "com.apple.product-type.bundle.unit-test";
		};
		099F239B2E39F5C7007EA3D7 /* MelaoShopUITests */ = {
			isa = PBXNativeTarget;
			buildConfigurationList = 099F23AC2E39F5C7007EA3D7 /* Build configuration list for PBXNativeTarget "MelaoShopUITests" */;
			buildPhases = (
				099F23982E39F5C7007EA3D7 /* Sources */,
				099F23992E39F5C7007EA3D7 /* Frameworks */,
				099F239A2E39F5C7007EA3D7 /* Resources */,
			);
			buildRules = (
			);
			dependencies = (
				099F239E2E39F5C7007EA3D7 /* PBXTargetDependency */,
			);
			fileSystemSynchronizedGroups = (
				099F239F2E39F5C7007EA3D7 /* MelaoShopUITests */,
			);
			name = MelaoShopUITests;
			packageProductDependencies = (
			);
			productName = MelaoShopUITests;
			productReference = 099F239C2E39F5C7007EA3D7 /* MelaoShopUITests.xctest */;
			productType = "com.apple.product-type.bundle.ui-testing";
		};
/* End PBXNativeTarget section */

/* Begin PBXProject section */
		099F237D2E39F5C5007EA3D7 /* Project object */ = {
			isa = PBXProject;
			attributes = {
				BuildIndependentTargetsInParallel = 1;
				LastSwiftUpdateCheck = 1640;
				LastUpgradeCheck = 1640;
				TargetAttributes = {
					099F23842E39F5C5007EA3D7 = {
						CreatedOnToolsVersion = 16.4;
					};
					099F23912E39F5C7007EA3D7 = {
						CreatedOnToolsVersion = 16.4;
						TestTargetID = 099F23842E39F5C5007EA3D7;
					};
					099F239B2E39F5C7007EA3D7 = {
						CreatedOnToolsVersion = 16.4;
						TestTargetID = 099F23842E39F5C5007EA3D7;
					};
				};
			};
			buildConfigurationList = 099F23802E39F5C5007EA3D7 /* Build configuration list for PBXProject "MelaoShop" */;
			developmentRegion = en;
			hasScannedForEncodings = 0;
			knownRegions = (
				en,
				Base,
			);
			mainGroup = 099F237C2E39F5C5007EA3D7;
			minimizedProjectReferenceProxies = 1;
			preferredProjectObjectVersion = 77;
			productRefGroup = 099F23862E39F5C5007EA3D7 /* Products */;
			projectDirPath = "";
			projectRoot = "";
			targets = (
				099F23842E39F5C5007EA3D7 /* MelaoShop */,
				099F23912E39F5C7007EA3D7 /* MelaoShopTests */,
				099F239B2E39F5C7007EA3D7 /* MelaoShopUITests */,
			);
		};
/* End PBXProject section */

/* Begin PBXResourcesBuildPhase section */
		099F23832E39F5C5007EA3D7 /* Resources */ = {
			isa = PBXResourcesBuildPhase;
			buildActionMask = 2147483647;
			files = (
			);
			runOnlyForDeploymentPostprocessing = 0;
		};
		099F23902E39F5C7007EA3D7 /* Resources */ = {
			isa = PBXResourcesBuildPhase;
			buildActionMask = 2147483647;
			files = (
			);
			runOnlyForDeploymentPostprocessing = 0;
		};
		099F239A2E39F5C7007EA3D7 /* Resources */ = {
			isa = PBXResourcesBuildPhase;
			buildActionMask = 2147483647;
			files = (
			);
			runOnlyForDeploymentPostprocessing = 0;
		};
/* End PBXResourcesBuildPhase section */

/* Begin PBXSourcesBuildPhase section */
		099F23812E39F5C5007EA3D7 /* Sources */ = {
			isa = PBXSourcesBuildPhase;
			buildActionMask = 2147483647;
			files = (
			);
			runOnlyForDeploymentPostprocessing = 0;
		};
		099F238E2E39F5C7007EA3D7 /* Sources */ = {
			isa = PBXSourcesBuildPhase;
			buildActionMask = 2147483647;
			files = (
			);
			runOnlyForDeploymentPostprocessing = 0;
		};
		099F23982E39F5C7007EA3D7 /* Sources */ = {
			isa = PBXSourcesBuildPhase;
			buildActionMask = 2147483647;
			files = (
			);
			runOnlyForDeploymentPostprocessing = 0;
		};
/* End PBXSourcesBuildPhase section */

/* Begin PBXTargetDependency section */
		099F23942E39F5C7007EA3D7 /* PBXTargetDependency */ = {
			isa = PBXTargetDependency;
			target = 099F23842E39F5C5007EA3D7 /* MelaoShop */;
			targetProxy = 099F23932E39F5C7007EA3D7 /* PBXContainerItemProxy */;
		};
		099F239E2E39F5C7007EA3D7 /* PBXTargetDependency */ = {
			isa = PBXTargetDependency;
			target = 099F23842E39F5C5007EA3D7 /* MelaoShop */;
			targetProxy = 099F239D2E39F5C7007EA3D7 /* PBXContainerItemProxy */;
		};
/* End PBXTargetDependency section */

/* Begin XCBuildConfiguration section */
		099F23A42E39F5C7007EA3D7 /* Debug */ = {
			isa = XCBuildConfiguration;
			buildSettings = {
				ALWAYS_SEARCH_USER_PATHS = NO;
				ASSETCATALOG_COMPILER_GENERATE_SWIFT_ASSET_SYMBOL_EXTENSIONS = YES;
				CLANG_ANALYZER_NONNULL = YES;
				CLANG_ANALYZER_NUMBER_OBJECT_CONVERSION = YES_AGGRESSIVE;
				CLANG_CXX_LANGUAGE_STANDARD = "gnu++20";
				CLANG_ENABLE_MODULES = YES;
				CLANG_ENABLE_OBJC_ARC = YES;
				CLANG_ENABLE_OBJC_WEAK = YES;
				CLANG_WARN_BLOCK_CAPTURE_AUTORELEASING = YES;
				CLANG_WARN_BOOL_CONVERSION = YES;
				CLANG_WARN_COMMA = YES;
				CLANG_WARN_CONSTANT_CONVERSION = YES;
				CLANG_WARN_DEPRECATED_OBJC_IMPLEMENTATIONS = YES;
				CLANG_WARN_DIRECT_OBJC_ISA_USAGE = YES_ERROR;
				CLANG_WARN_DOCUMENTATION_COMMENTS = YES;
				CLANG_WARN_EMPTY_BODY = YES;
				CLANG_WARN_ENUM_CONVERSION = YES;
				CLANG_WARN_INFINITE_RECURSION = YES;
				CLANG_WARN_INT_CONVERSION = YES;
				CLANG_WARN_NON_LITERAL_NULL_CONVERSION = YES;
				CLANG_WARN_OBJC_IMPLICIT_RETAIN_SELF = YES;
				CLANG_WARN_OBJC_LITERAL_CONVERSION = YES;
				CLANG_WARN_OBJC_ROOT_CLASS = YES_ERROR;
				CLANG_WARN_QUOTED_INCLUDE_IN_FRAMEWORK_HEADER = YES;
				CLANG_WARN_RANGE_LOOP_ANALYSIS = YES;
				CLANG_WARN_STRICT_PROTOTYPES = YES;
				CLANG_WARN_SUSPICIOUS_MOVE = YES;
				CLANG_WARN_UNGUARDED_AVAILABILITY = YES_AGGRESSIVE;
				CLANG_WARN_UNREACHABLE_CODE = YES;
				CLANG_WARN__DUPLICATE_METHOD_MATCH = YES;
				COPY_PHASE_STRIP = NO;
				DEBUG_INFORMATION_FORMAT = dwarf;
				DEVELOPMENT_TEAM = 7P5RHN4NFW;
				ENABLE_STRICT_OBJC_MSGSEND = YES;
				ENABLE_TESTABILITY = YES;
				ENABLE_USER_SCRIPT_SANDBOXING = YES;
				GCC_C_LANGUAGE_STANDARD = gnu17;
				GCC_DYNAMIC_NO_PIC = NO;
				GCC_NO_COMMON_BLOCKS = YES;
				GCC_OPTIMIZATION_LEVEL = 0;
				GCC_PREPROCESSOR_DEFINITIONS = (
					"DEBUG=1",
					"$(inherited)",
				);
				GCC_WARN_64_TO_32_BIT_CONVERSION = YES;
				GCC_WARN_ABOUT_RETURN_TYPE = YES_ERROR;
				GCC_WARN_UNDECLARED_SELECTOR = YES;
				GCC_WARN_UNINITIALIZED_AUTOS = YES_AGGRESSIVE;
				GCC_WARN_UNUSED_FUNCTION = YES;
				GCC_WARN_UNUSED_VARIABLE = YES;
				IPHONEOS_DEPLOYMENT_TARGET = 18.5;
				LOCALIZATION_PREFERS_STRING_CATALOGS = YES;
				MTL_ENABLE_DEBUG_INFO = INCLUDE_SOURCE;
				MTL_FAST_MATH = YES;
				ONLY_ACTIVE_ARCH = YES;
				SDKROOT = iphoneos;
				SWIFT_ACTIVE_COMPILATION_CONDITIONS = "DEBUG $(inherited)";
				SWIFT_OPTIMIZATION_LEVEL = "-Onone";
			};
			name = Debug;
		};
		099F23A52E39F5C7007EA3D7 /* Release */ = {
			isa = XCBuildConfiguration;
			buildSettings = {
				ALWAYS_SEARCH_USER_PATHS = NO;
				ASSETCATALOG_COMPILER_GENERATE_SWIFT_ASSET_SYMBOL_EXTENSIONS = YES;
				CLANG_ANALYZER_NONNULL = YES;
				CLANG_ANALYZER_NUMBER_OBJECT_CONVERSION = YES_AGGRESSIVE;
				CLANG_CXX_LANGUAGE_STANDARD = "gnu++20";
				CLANG_ENABLE_MODULES = YES;
				CLANG_ENABLE_OBJC_ARC = YES;
				CLANG_ENABLE_OBJC_WEAK = YES;
				CLANG_WARN_BLOCK_CAPTURE_AUTORELEASING = YES;
				CLANG_WARN_BOOL_CONVERSION = YES;
				CLANG_WARN_COMMA = YES;
				CLANG_WARN_CONSTANT_CONVERSION = YES;
				CLANG_WARN_DEPRECATED_OBJC_IMPLEMENTATIONS = YES;
				CLANG_WARN_DIRECT_OBJC_ISA_USAGE = YES_ERROR;
				CLANG_WARN_DOCUMENTATION_COMMENTS = YES;
				CLANG_WARN_EMPTY_BODY = YES;
				CLANG_WARN_ENUM_CONVERSION = YES;
				CLANG_WARN_INFINITE_RECURSION = YES;
				CLANG_WARN_INT_CONVERSION = YES;
				CLANG_WARN_NON_LITERAL_NULL_CONVERSION = YES;
				CLANG_WARN_OBJC_IMPLICIT_RETAIN_SELF = YES;
				CLANG_WARN_OBJC_LITERAL_CONVERSION = YES;
				CLANG_WARN_OBJC_ROOT_CLASS = YES_ERROR;
				CLANG_WARN_QUOTED_INCLUDE_IN_FRAMEWORK_HEADER = YES;
				CLANG_WARN_RANGE_LOOP_ANALYSIS = YES;
				CLANG_WARN_STRICT_PROTOTYPES = YES;
				CLANG_WARN_SUSPICIOUS_MOVE = YES;
				CLANG_WARN_UNGUARDED_AVAILABILITY = YES_AGGRESSIVE;
				CLANG_WARN_UNREACHABLE_CODE = YES;
				CLANG_WARN__DUPLICATE_METHOD_MATCH = YES;
				COPY_PHASE_STRIP = NO;
				DEBUG_INFORMATION_FORMAT = "dwarf-with-dsym";
				DEVELOPMENT_TEAM = 7P5RHN4NFW;
				ENABLE_NS_ASSERTIONS = NO;
				ENABLE_STRICT_OBJC_MSGSEND = YES;
				ENABLE_USER_SCRIPT_SANDBOXING = YES;
				GCC_C_LANGUAGE_STANDARD = gnu17;
				GCC_NO_COMMON_BLOCKS = YES;
				GCC_WARN_64_TO_32_BIT_CONVERSION = YES;
				GCC_WARN_ABOUT_RETURN_TYPE = YES_ERROR;
				GCC_WARN_UNDECLARED_SELECTOR = YES;
				GCC_WARN_UNINITIALIZED_AUTOS = YES_AGGRESSIVE;
				GCC_WARN_UNUSED_FUNCTION = YES;
				GCC_WARN_UNUSED_VARIABLE = YES;
				IPHONEOS_DEPLOYMENT_TARGET = 18.5;
				LOCALIZATION_PREFERS_STRING_CATALOGS = YES;
				MTL_ENABLE_DEBUG_INFO = NO;
				MTL_FAST_MATH = YES;
				SDKROOT = iphoneos;
				SWIFT_COMPILATION_MODE = wholemodule;
				VALIDATE_PRODUCT = YES;
			};
			name = Release;
		};
		099F23A72E39F5C7007EA3D7 /* Debug */ = {
			isa = XCBuildConfiguration;
			buildSettings = {
				ASSETCATALOG_COMPILER_APPICON_NAME = AppIcon;
				ASSETCATALOG_COMPILER_GLOBAL_ACCENT_COLOR_NAME = AccentColor;
				CODE_SIGN_STYLE = Automatic;
				CURRENT_PROJECT_VERSION = 1;
				DEVELOPMENT_TEAM = 7P5RHN4NFW;
				ENABLE_PREVIEWS = YES;
				GENERATE_INFOPLIST_FILE = YES;
				INFOPLIST_KEY_UIApplicationSceneManifest_Generation = YES;
				INFOPLIST_KEY_UIApplicationSupportsIndirectInputEvents = YES;
				INFOPLIST_KEY_UILaunchScreen_Generation = YES;
				INFOPLIST_KEY_UISupportedInterfaceOrientations_iPad = "UIInterfaceOrientationPortrait UIInterfaceOrientationPortraitUpsideDown UIInterfaceOrientationLandscapeLeft UIInterfaceOrientationLandscapeRight";
				INFOPLIST_KEY_UISupportedInterfaceOrientations_iPhone = "UIInterfaceOrientationPortrait UIInterfaceOrientationLandscapeLeft UIInterfaceOrientationLandscapeRight";
				LD_RUNPATH_SEARCH_PATHS = (
					"$(inherited)",
					"@executable_path/Frameworks",
				);
				MARKETING_VERSION = 1.0;
				PRODUCT_BUNDLE_IDENTIFIER = com.jonattan.MelaoShop;
				PRODUCT_NAME = "$(TARGET_NAME)";
				SWIFT_EMIT_LOC_STRINGS = YES;
				SWIFT_VERSION = 5.0;
				TARGETED_DEVICE_FAMILY = "1,2";
			};
			name = Debug;
		};
		099F23A82E39F5C7007EA3D7 /* Release */ = {
			isa = XCBuildConfiguration;
			buildSettings = {
				ASSETCATALOG_COMPILER_APPICON_NAME = AppIcon;
				ASSETCATALOG_COMPILER_GLOBAL_ACCENT_COLOR_NAME = AccentColor;
				CODE_SIGN_STYLE = Automatic;
				CURRENT_PROJECT_VERSION = 1;
				DEVELOPMENT_TEAM = 7P5RHN4NFW;
				ENABLE_PREVIEWS = YES;
				GENERATE_INFOPLIST_FILE = YES;
				INFOPLIST_KEY_UIApplicationSceneManifest_Generation = YES;
				INFOPLIST_KEY_UIApplicationSupportsIndirectInputEvents = YES;
				INFOPLIST_KEY_UILaunchScreen_Generation = YES;
				INFOPLIST_KEY_UISupportedInterfaceOrientations_iPad = "UIInterfaceOrientationPortrait UIInterfaceOrientationPortraitUpsideDown UIInterfaceOrientationLandscapeLeft UIInterfaceOrientationLandscapeRight";
				INFOPLIST_KEY_UISupportedInterfaceOrientations_iPhone = "UIInterfaceOrientationPortrait UIInterfaceOrientationLandscapeLeft UIInterfaceOrientationLandscapeRight";
				LD_RUNPATH_SEARCH_PATHS = (
					"$(inherited)",
					"@executable_path/Frameworks",
				);
				MARKETING_VERSION = 1.0;
				PRODUCT_BUNDLE_IDENTIFIER = com.jonattan.MelaoShop;
				PRODUCT_NAME = "$(TARGET_NAME)";
				SWIFT_EMIT_LOC_STRINGS = YES;
				SWIFT_VERSION = 5.0;
				TARGETED_DEVICE_FAMILY = "1,2";
			};
			name = Release;
		};
		099F23AA2E39F5C7007EA3D7 /* Debug */ = {
			isa = XCBuildConfiguration;
			buildSettings = {
				BUNDLE_LOADER = "$(TEST_HOST)";
				CODE_SIGN_STYLE = Automatic;
				CURRENT_PROJECT_VERSION = 1;
				DEVELOPMENT_TEAM = 7P5RHN4NFW;
				GENERATE_INFOPLIST_FILE = YES;
				IPHONEOS_DEPLOYMENT_TARGET = 18.5;
				MARKETING_VERSION = 1.0;
				PRODUCT_BUNDLE_IDENTIFIER = com.jonattan.MelaoShopTests;
				PRODUCT_NAME = "$(TARGET_NAME)";
				SWIFT_EMIT_LOC_STRINGS = NO;
				SWIFT_VERSION = 5.0;
				TARGETED_DEVICE_FAMILY = "1,2";
				TEST_HOST = "$(BUILT_PRODUCTS_DIR)/MelaoShop.app/$(BUNDLE_EXECUTABLE_FOLDER_PATH)/MelaoShop";
			};
			name = Debug;
		};
		099F23AB2E39F5C7007EA3D7 /* Release */ = {
			isa = XCBuildConfiguration;
			buildSettings = {
				BUNDLE_LOADER = "$(TEST_HOST)";
				CODE_SIGN_STYLE = Automatic;
				CURRENT_PROJECT_VERSION = 1;
				DEVELOPMENT_TEAM = 7P5RHN4NFW;
				GENERATE_INFOPLIST_FILE = YES;
				IPHONEOS_DEPLOYMENT_TARGET = 18.5;
				MARKETING_VERSION = 1.0;
				PRODUCT_BUNDLE_IDENTIFIER = com.jonattan.MelaoShopTests;
				PRODUCT_NAME = "$(TARGET_NAME)";
				SWIFT_EMIT_LOC_STRINGS = NO;
				SWIFT_VERSION = 5.0;
				TARGETED_DEVICE_FAMILY = "1,2";
				TEST_HOST = "$(BUILT_PRODUCTS_DIR)/MelaoShop.app/$(BUNDLE_EXECUTABLE_FOLDER_PATH)/MelaoShop";
			};
			name = Release;
		};
		099F23AD2E39F5C7007EA3D7 /* Debug */ = {
			isa = XCBuildConfiguration;
			buildSettings = {
				CODE_SIGN_STYLE = Automatic;
				CURRENT_PROJECT_VERSION = 1;
				DEVELOPMENT_TEAM = 7P5RHN4NFW;
				GENERATE_INFOPLIST_FILE = YES;
				MARKETING_VERSION = 1.0;
				PRODUCT_BUNDLE_IDENTIFIER = com.jonattan.MelaoShopUITests;
				PRODUCT_NAME = "$(TARGET_NAME)";
				SWIFT_EMIT_LOC_STRINGS = NO;
				SWIFT_VERSION = 5.0;
				TARGETED_DEVICE_FAMILY = "1,2";
				TEST_TARGET_NAME = MelaoShop;
			};
			name = Debug;
		};
		099F23AE2E39F5C7007EA3D7 /* Release */ = {
			isa = XCBuildConfiguration;
			buildSettings = {
				CODE_SIGN_STYLE = Automatic;
				CURRENT_PROJECT_VERSION = 1;
				DEVELOPMENT_TEAM = 7P5RHN4NFW;
				GENERATE_INFOPLIST_FILE = YES;
				MARKETING_VERSION = 1.0;
				PRODUCT_BUNDLE_IDENTIFIER = com.jonattan.MelaoShopUITests;
				PRODUCT_NAME = "$(TARGET_NAME)";
				SWIFT_EMIT_LOC_STRINGS = NO;
				SWIFT_VERSION = 5.0;
				TARGETED_DEVICE_FAMILY = "1,2";
				TEST_TARGET_NAME = MelaoShop;
			};
			name = Release;
		};
/* End XCBuildConfiguration section */

/* Begin XCConfigurationList section */
		099F23802E39F5C5007EA3D7 /* Build configuration list for PBXProject "MelaoShop" */ = {
			isa = XCConfigurationList;
			buildConfigurations = (
				099F23A42E39F5C7007EA3D7 /* Debug */,
				099F23A52E39F5C7007EA3D7 /* Release */,
			);
			defaultConfigurationIsVisible = 0;
			defaultConfigurationName = Release;
		};
		099F23A62E39F5C7007EA3D7 /* Build configuration list for PBXNativeTarget "MelaoShop" */ = {
			isa = XCConfigurationList;
			buildConfigurations = (
				099F23A72E39F5C7007EA3D7 /* Debug */,
				099F23A82E39F5C7007EA3D7 /* Release */,
			);
			defaultConfigurationIsVisible = 0;
			defaultConfigurationName = Release;
		};
		099F23A92E39F5C7007EA3D7 /* Build configuration list for PBXNativeTarget "MelaoShopTests" */ = {
			isa = XCConfigurationList;
			buildConfigurations = (
				099F23AA2E39F5C7007EA3D7 /* Debug */,
				099F23AB2E39F5C7007EA3D7 /* Release */,
			);
			defaultConfigurationIsVisible = 0;
			defaultConfigurationName = Release;
		};
		099F23AC2E39F5C7007EA3D7 /* Build configuration list for PBXNativeTarget "MelaoShopUITests" */ = {
			isa = XCConfigurationList;
			buildConfigurations = (
				099F23AD2E39F5C7007EA3D7 /* Debug */,
				099F23AE2E39F5C7007EA3D7 /* Release */,
			);
			defaultConfigurationIsVisible = 0;
			defaultConfigurationName = Release;
		};
/* End XCConfigurationList section */
	};
	rootObject = 099F237D2E39F5C5007EA3D7 /* Project object */;
}
